# This file is automatically @generated by Cargo.
# It is not intended for manual editing.
version = 3

[[package]]
name = "advent-of-code-2022-rust"
version = "0.1.0"
dependencies = [
 "ufcs",
]

[[package]]
name = "ufcs"
version = "0.1.0"
source = "registry+https://github.com/rust-lang/crates.io-index"
checksum = "b879826c277a7addb7b93bdd50d47c02710fe2845f4f07999887ca17fbc6b648"
